{
  "name": "bookmcq-math-renderer",
  "version": "1.0.0",
  "lockfileVersion": 3,
  "requires": true,
  "packages": {
    "": {
      "name": "bookmcq-math-renderer",
      "version": "1.0.0",
      "dependencies": {
        "katex": "^0.16.9"
      }
    },
    "node_modules/commander": {
      "version": "8.3.0",
      "resolved": "https://registry.npmjs.org/commander/-/commander-8.3.0.tgz",
      "integrity": "sha512-OkTL9umf+He2DZkUq8f8J9of7yL6RJKI24dVITBmNfZBmri9z7Q3kkei1IUtu4R0Js4w1B3B8Ugs9l53AubZBA==",
      "engines": {
        "node": ">= 12"
      }
    },
    "node_modules/katex": {
      "version": "0.16.9",
      "resolved": "https://registry.npmjs.org/katex/-/katex-0.16.9.tgz",
      "integrity": "sha512-fsSYjWS0EEOwvy81j3vRA8TEAhQhKiqO8QEvfC0KsF0P5P4S9s7yRIfmM2wQx21VHylB1WUphV5UOArP1Akm/w==",
      "dependencies": {
        "commander": "^8.3.0"
      },
      "bin": {
        "katex": "cli.js"
      }
    }
  }
}
